{
  "name": "nodejs-ex",
  "version": "0.0.1",
  "lockfileVersion": 1,
  "requires": true,
  "dependencies": {
    "httpreq": {
      "version": "0.4.24",
      "resolved": "https://registry.npmjs.org/httpreq/-/httpreq-0.4.24.tgz",
      "integrity": "sha1-QzX/2CzZaWaKOUZckprGHWOTYn8="
    },
    "nodexml": {
      "version": "1.0.2",
      "resolved": "https://registry.npmjs.org/nodexml/-/nodexml-1.0.2.tgz",
      "integrity": "sha1-+ylz+kOlntRsgg04In70m56S4qo="
    },
    "ns-api": {
      "version": "git+https://github.com/xbindt/nodejs-ns-api.git#dbb6fe9da9a952bca95b44c854a83af2591b56cf",
      "requires": {
        "httpreq": "0.4.24",
        "nodexml": "1.0.2"
      }
    }
  }
}
